hash: 88c7dc94639fb5c6b623d17de3bb107b7e13e5e4c5804594f9eb93dca53651c0
updated: 2017-12-25T19:12:47.589112936-05:00
imports:
- name: github.com/agext/levenshtein
  version: 5f10fee965225ac1eecdc234c09daf5cd9e7f7b6
- name: github.com/apparentlymart/go-cidr
  version: 2bd8b58cf4275aeb086ade613de226773e29e853
  subpackages:
  - cidr
- name: github.com/apparentlymart/go-textseg
  version: b836f5c4d331d1945a2fead7188db25432d73b69
  subpackages:
  - textseg
- name: github.com/armon/go-radix
  version: 1fca145dffbcaa8fe914309b1ec0cfc67500fe61
- name: github.com/aws/aws-sdk-go
  version: 6eab70e3edd8e65a17a1dbf9a2eeaf83f06281d0
  subpackages:
  - aws
  - aws/awserr
  - aws/awsutil
  - aws/client
  - aws/client/metadata
  - aws/corehandlers
  - aws/credentials
  - aws/credentials/ec2rolecreds
  - aws/credentials/endpointcreds
  - aws/credentials/stscreds
  - aws/defaults
  - aws/ec2metadata
  - aws/endpoints
  - aws/request
  - aws/session
  - aws/signer/v4
  - internal/shareddefaults
  - private/protocol
  - private/protocol/query
  - private/protocol/query/queryutil
  - private/protocol/rest
  - private/protocol/restxml
  - private/protocol/xml/xmlutil
  - service/s3
  - service/sts
- name: github.com/bgentry/go-netrc
  version: 9fd32a8b3d3d3f9d43c341bfe098430e07609480
  subpackages:
  - netrc
- name: github.com/bgentry/speakeasy
  version: 4aabc24848ce5fd31929f7d1e4ea74d3709c14cd
- name: github.com/blang/semver
  version: 2ee87856327ba09384cabd113bc6b5d174e9ec0f
- name: github.com/go-ini/ini
  version: 32e4c1e6bc4e7d0d8451aa6b75200d19e37a536a
- name: github.com/golang/protobuf
  version: 1e59b77b52bf8e4b449a57e6f79f21226d571845
  subpackages:
  - proto
  - ptypes
  - ptypes/any
  - ptypes/duration
  - ptypes/timestamp
- name: github.com/hashicorp/errwrap
  version: 7554cd9344cec97297fa6649b055a8c98c2a1e55
- name: github.com/hashicorp/go-cleanhttp
  version: d5fe4b57a186c716b0e00b8c301cbd9b4182694d
- name: github.com/hashicorp/go-getter
  version: 994f50a6f071b07cfbea9eca9618c9674091ca51
  subpackages:
  - helper/url
- name: github.com/hashicorp/go-hclog
  version: ca137eb4b4389c9bc6f1a6d887f056bf16c00510
- name: github.com/hashicorp/go-multierror
  version: b7773ae218740a7be65057fc60b366a49b538a44
- name: github.com/hashicorp/go-plugin
  version: e2fbc6864d18d3c37b6cde4297ec9fca266d28f1
- name: github.com/hashicorp/go-uuid
  version: 64130c7a86d732268a38cb04cfbaf0cc987fda98
- name: github.com/hashicorp/go-version
  version: 4fe82ae3040f80a03d04d2cccb5606a626b8e1ee
- name: github.com/hashicorp/hcl
  version: 23c074d0eceb2b8a5bfdbb271ab780cde70f05a8
  subpackages:
  - hcl/ast
  - hcl/parser
  - hcl/scanner
  - hcl/strconv
  - hcl/token
  - json/parser
  - json/scanner
  - json/token
- name: github.com/hashicorp/hcl2
  version: 44bad6dbf5490f5da17ec991e664df3d017b706f
  subpackages:
  - gohcl
  - hcl
  - hcl/hclsyntax
  - hcl/json
  - hcldec
  - hclparse
- name: github.com/hashicorp/hil
  version: fa9f258a92500514cc8e9c67020487709df92432
  subpackages:
  - ast
  - parser
  - scanner
- name: github.com/hashicorp/terraform
  version: a42fdb08a43c7fabb8898fe8c286b793bbaa4835
  subpackages:
  - config
  - config/configschema
  - config/hcl2shim
  - config/module
  - dag
  - flatmap
  - helper/hashcode
  - helper/hilmapstructure
  - helper/schema
  - moduledeps
  - plugin
  - plugin/discovery
  - registry/regsrc
  - registry/response
  - svchost
  - svchost/auth
  - svchost/disco
  - terraform
  - tfdiags
  - version
- name: github.com/hashicorp/yamux
  version: 683f49123a33db61abfb241b7ac5e4af4dc54d55
- name: github.com/jmespath/go-jmespath
  version: dd801d4f4ce7ac746e7e7b4489d2fa600b3b096b
- name: github.com/mattn/go-isatty
  version: 6ca4dbf54d38eea1a992b3c722a76a5d1c4cb25c
- name: github.com/mitchellh/cli
  version: 33edc47170b5df54d2588696d590c5e20ee583fe
- name: github.com/mitchellh/copystructure
  version: d23ffcb85de31694d6ccaa23ccb4a03e55c1303f
- name: github.com/mitchellh/go-homedir
  version: b8bc1bf767474819792c23f32d8286a45736f1c6
- name: github.com/mitchellh/go-testing-interface
  version: a61a99592b77c9ba629d254a693acffaeb4b7e28
- name: github.com/mitchellh/go-wordwrap
  version: ad45545899c7b13c020ea92b2072220eefad42b8
- name: github.com/mitchellh/hashstructure
  version: 2bca23e0e452137f789efbc8610126fd8b94f73b
- name: github.com/mitchellh/mapstructure
  version: 06020f85339e21b2478f756a78e295255ffa4d6a
- name: github.com/mitchellh/reflectwalk
  version: 63d60e9d0dbc60cf9164e6510889b0db6683d98c
- name: github.com/posener/complete
  version: 6bee943216c8cea4cc983c8596346d8945279a1f
  subpackages:
  - cmd
  - cmd/install
  - match
- name: github.com/satori/go.uuid
  version: 5bf94b69c6b68ee1b541973bb8e1144db23a194b
- name: github.com/stretchr/testify
  version: 69483b4bd14f5845b5a1e55bca19e954e827f1d0
  subpackages:
  - assert
- name: github.com/ulikunitz/xz
  version: 0c6b41e72360850ca4f98dc341fd999726ea007f
  subpackages:
  - internal/hash
  - internal/xlog
  - lzma
- name: github.com/zclconf/go-cty
  version: 48ce95f3a00f37ac934ff90a62e377146f9428e1
  subpackages:
  - cty
  - cty/convert
  - cty/function
  - cty/function/stdlib
  - cty/gocty
  - cty/json
  - cty/set
- name: golang.org/x/crypto
  version: d585fd2cc9195196078f516b69daff6744ef5e84
  subpackages:
  - bcrypt
  - blowfish
  - cast5
  - openpgp
  - openpgp/armor
  - openpgp/elgamal
  - openpgp/errors
  - openpgp/packet
  - openpgp/s2k
- name: golang.org/x/net
  version: d866cfc389cec985d6fda2859936a575a55a3ab6
  subpackages:
  - context
  - html
  - html/atom
  - http2
  - http2/hpack
  - idna
  - internal/timeseries
  - lex/httplex
  - trace
- name: golang.org/x/sys
  version: 83801418e1b59fb1880e363299581ee543af32ca
  subpackages:
  - unix
- name: golang.org/x/text
  version: eb22672bea55af56d225d4e35405f4d2e9f062a0
  subpackages:
  - secure/bidirule
  - transform
  - unicode/bidi
  - unicode/norm
- name: google.golang.org/genproto
  version: a8101f21cf983e773d0c1133ebc5424792003214
  subpackages:
  - googleapis/rpc/status
- name: google.golang.org/grpc
  version: 7f2472bbc6ac269af51a9c47ae8ef8c625383e1f
  subpackages:
  - balancer
  - balancer/base
  - balancer/roundrobin
  - codes
  - connectivity
  - credentials
  - encoding
  - grpclb/grpc_lb_v1/messages
  - grpclog
  - health
  - health/grpc_health_v1
  - internal
  - keepalive
  - metadata
  - naming
  - peer
  - resolver
  - resolver/dns
  - resolver/passthrough
  - stats
  - status
  - tap
  - transport
testImports:
- name: github.com/davecgh/go-spew
  version: 6d212800a42e8ab5c146b8ace3490ee17e5225f9
  subpackages:
  - spew
- name: github.com/pmezard/go-difflib
  version: d8ed2627bdf02c080bf22230dbb337003b7aba2d
  subpackages:
  - difflib
