hash: 082b511c4bf3a7894821460be37d69b8e099ed469f9d3eb702c6d2f3d084062f
updated: 2016-11-11T20:39:18.440419966-05:00
imports:
- name: github.com/apparentlymart/go-cidr
  version: a3ebdb999b831ecb6ab8a226e31b07b2b9061c47
  subpackages:
  - cidr
- name: github.com/aws/aws-sdk-go
  version: 5b341290c488aa6bd76b335d819b4a68516ec3ab
  subpackages:
  - aws
  - aws/awserr
  - aws/awsutil
  - aws/client
  - aws/client/metadata
  - aws/corehandlers
  - aws/credentials
  - aws/credentials/ec2rolecreds
  - aws/credentials/endpointcreds
  - aws/credentials/stscreds
  - aws/defaults
  - aws/ec2metadata
  - aws/request
  - aws/session
  - aws/signer/v4
  - private/endpoints
  - private/protocol
  - private/protocol/query
  - private/protocol/query/queryutil
  - private/protocol/rest
  - private/protocol/restxml
  - private/protocol/xml/xmlutil
  - private/waiter
  - service/s3
  - service/sts
- name: github.com/bgentry/go-netrc
  version: 9fd32a8b3d3d3f9d43c341bfe098430e07609480
  subpackages:
  - netrc
- name: github.com/davecgh/go-spew
  version: 346938d642f2ec3594ed81d874461961cd0faa76
  subpackages:
  - spew
- name: github.com/go-ini/ini
  version: 6e4869b434bd001f6983749881c7ead3545887d8
- name: github.com/hashicorp/errwrap
  version: 7554cd9344cec97297fa6649b055a8c98c2a1e55
- name: github.com/hashicorp/go-getter
  version: 2fbd997432e72fe36060c8f07ec1eaf98d098177
  subpackages:
  - helper/url
- name: github.com/hashicorp/go-multierror
  version: 8484912a3b9987857bac52e0c5fec2b95f419628
- name: github.com/hashicorp/go-plugin
  version: 8cf118f7a2f0c7ef1c82f66d4f6ac77c7e27dc12
- name: github.com/hashicorp/go-uuid
  version: 64130c7a86d732268a38cb04cfbaf0cc987fda98
- name: github.com/hashicorp/go-version
  version: e96d3840402619007766590ecea8dd7af1292276
- name: github.com/hashicorp/hcl
  version: 3d702911d9708e8fea66cd77e04bd451ff25d3b1
  subpackages:
  - hcl/ast
  - hcl/parser
  - hcl/scanner
  - hcl/strconv
  - hcl/token
  - json/parser
  - json/scanner
  - json/token
- name: github.com/hashicorp/hil
  version: 48cf0fb0fcbb98fcc57ddbae8e235b9f528b9602
  subpackages:
  - ast
- name: github.com/hashicorp/terraform
  version: fcf12bc46a34716652a5b9a4d7905361003293e7
  subpackages:
  - config
  - config/module
  - dag
  - dot
  - flatmap
  - helper/experiment
  - helper/hashcode
  - helper/hilmapstructure
  - helper/schema
  - helper/shadow
  - plugin
  - terraform
- name: github.com/hashicorp/yamux
  version: d1caa6c97c9fc1cc9e83bbe34d0603f9ff0ce8bd
- name: github.com/jmespath/go-jmespath
  version: bd40a432e4c76585ef6b72d3fd96fb9b6dc7b68d
- name: github.com/mitchellh/copystructure
  version: 5af94aef99f597e6a9e1f6ac6be6ce0f3c96b49d
- name: github.com/mitchellh/go-homedir
  version: 756f7b183b7ab78acdbbee5c7f392838ed459dda
- name: github.com/mitchellh/mapstructure
  version: f3009df150dadf309fdee4a54ed65c124afad715
- name: github.com/mitchellh/reflectwalk
  version: 9ad27c461a633e32a235a061d523aefe8f18571d
- name: github.com/satori/go.uuid
  version: b061729afc07e77a8aa4fad0a2fd840958f1942a
- name: github.com/stretchr/testify
  version: 69483b4bd14f5845b5a1e55bca19e954e827f1d0
  subpackages:
  - assert
testImports:
- name: github.com/pmezard/go-difflib
  version: d8ed2627bdf02c080bf22230dbb337003b7aba2d
  subpackages:
  - difflib
