github.com/agext/levenshtein v1.2.1 h1:QmvMAjj2aEICytGiWzmxoE0x2KZvE0fvmqMOfy2tjT8=
github.com/agext/levenshtein v1.2.1/go.mod h1:JEDfjyjHDjOF/1e4FlBE/PkbqA9OfWu2ki2W0IB5558=
github.com/apparentlymart/go-cidr v0.0.0-20170616213631-2bd8b58cf427 h1:2P/DTyNDU+7qJOB6E5KeIpdc3qcT9IYjyA8hZ9HGz50=
github.com/apparentlymart/go-cidr v0.0.0-20170616213631-2bd8b58cf427/go.mod h1:EBcsNrHc3zQeuaeCeCtQruQm+n9/YjEn/vI25Lg7Gwc=
github.com/apparentlymart/go-textseg v0.0.0-20170531203952-b836f5c4d331 h1:AIKxo1t7QE7MAqADwrmzMiaFC+QfHfXOk8lrmibN5Lk=
github.com/apparentlymart/go-textseg v0.0.0-20170531203952-b836f5c4d331/go.mod h1:z96Txxhf3xSFMPmb5X/1W05FF/Nj9VFpLOpjS5yuumk=
github.com/armon/go-radix v0.0.0-20170727155443-1fca145dffbc h1:/WQ8Tr5zbclKWAtvafIcAk/njNpW3gtd22TLLouv+6Q=
github.com/armon/go-radix v0.0.0-20170727155443-1fca145dffbc/go.mod h1:ufUuZ+zHj4x4TnLV4JWEpy2hxWSpsRywHrMgIH9cCH8=
github.com/aws/aws-sdk-go v0.0.0-20171222213737-6eab70e3edd8 h1:mWG7BJCjwf8PbszLdVD8T2XMS9p5NUGWG71eSWlG18E=
github.com/aws/aws-sdk-go v0.0.0-20171222213737-6eab70e3edd8/go.mod h1:ZRmQr0FajVIyZ4ZzBYKG5P3ZqPz9IHG41ZoMu1ADI3k=
github.com/bgentry/go-netrc v0.0.0-20140422174119-9fd32a8b3d3d h1:xDfNPAt8lFiC1UJrqV3uuy861HCTo708pDMbjHHdCas=
github.com/bgentry/go-netrc v0.0.0-20140422174119-9fd32a8b3d3d/go.mod h1:6QX/PXZ00z/TKoufEY6K/a0k6AhaJrQKdFe6OfVXsa4=
github.com/bgentry/speakeasy v0.1.0 h1:ByYyxL9InA1OWqxJqqp2A5pYHUrCiAL6K3J+LKSsQkY=
github.com/bgentry/speakeasy v0.1.0/go.mod h1:+zsyZBPWlz7T6j88CTgSN5bM796AkVf0kBD4zp0CCIs=
github.com/blang/semver v3.5.1+incompatible h1:cQNTCjp13qL8KC3Nbxr/y2Bqb63oX6wdnnjpJbkM4JQ=
github.com/blang/semver v3.5.1+incompatible/go.mod h1:kRBLl5iJ+tD4TcOOxsy/0fnwebNt5EWlYSAyrTnjyyk=
github.com/go-ini/ini v1.32.0 h1:/MArBHSS0TFR28yPPDK1vPIjt4wUnPBfb81i6iiyKvA=
github.com/go-ini/ini v1.32.0/go.mod h1:ByCAeIL28uOIIG0E3PJtZPDL8WnHpFKFOtgjp+3Ies8=
github.com/golang/protobuf v0.0.0-20171113180720-1e59b77b52bf h1:pFr/u+m8QUBMW/itAczltF3guNRAL7XDs5tD3f6nSD0=
github.com/golang/protobuf v0.0.0-20171113180720-1e59b77b52bf/go.mod h1:6lQm79b+lXiMfvg/cZm0SGofjICqVBUtrP5yJMmIC1U=
github.com/hashicorp/errwrap v0.0.0-20141028054710-7554cd9344ce h1:prjrVgOk2Yg6w+PflHoszQNLTUh4kaByUcEWM/9uin4=
github.com/hashicorp/errwrap v0.0.0-20141028054710-7554cd9344ce/go.mod h1:YH+1FKiLXxHSkmPseP+kNlulaMuP3n2brvKWEqk/Jc4=
github.com/hashicorp/go-cleanhttp v0.0.0-20171218145408-d5fe4b57a186 h1:URgjUo+bs1KwatoNbwG0uCO4dHN4r1jsp4a5AGgHRjo=
github.com/hashicorp/go-cleanhttp v0.0.0-20171218145408-d5fe4b57a186/go.mod h1:JpRdi6/HCYpAwUzNwuwqhbovhLtngrth3wmdIIUrZ80=
github.com/hashicorp/go-getter v0.0.0-20171204192826-994f50a6f071 h1:uAUE56iwOozRjxpnR7OpbghlY6o/zZ2sMcFsKD0Bt7s=
github.com/hashicorp/go-getter v0.0.0-20171204192826-994f50a6f071/go.mod h1:6rdJFnhkXnzGOJbvkrdv4t9nLwKcVA+tmbQeUlkIzrU=
github.com/hashicorp/go-hclog v0.0.0-20171005151751-ca137eb4b438 h1:HW1KChQ892afBJ553NbXSO5lYNaDhzpwI2rBb1XgT5U=
github.com/hashicorp/go-hclog v0.0.0-20171005151751-ca137eb4b438/go.mod h1:9bjs9uLqI8l75knNv3lV1kA55veR+WUPSiKIWcQHudI=
github.com/hashicorp/go-multierror v0.0.0-20171204182908-b7773ae21874 h1:em+tTnzgU7N22woTBMcSJAOW7tRHAkK597W+MD/CpK8=
github.com/hashicorp/go-multierror v0.0.0-20171204182908-b7773ae21874/go.mod h1:JMRHfdO9jKNzS/+BTlxCjKNQHg/jZAft8U7LloJvN7I=
github.com/hashicorp/go-plugin v0.0.0-20171029214425-e2fbc6864d18 h1:WhZvrFsin0bU4atrvAVTo2a9ueZtFOusv4HtGE0uojc=
github.com/hashicorp/go-plugin v0.0.0-20171029214425-e2fbc6864d18/go.mod h1:JSqWYsict+jzcj0+xElxyrBQRPNoiWQuddnxArJ7XHQ=
github.com/hashicorp/go-uuid v0.0.0-20160717022140-64130c7a86d7 h1:w8czuEDeFZo7CdZ2APLO24tTbjzO4cNXTfCkBdtU+wg=
github.com/hashicorp/go-uuid v0.0.0-20160717022140-64130c7a86d7/go.mod h1:6SBZvOh/SIDV7/2o3Jml5SYk/TvGqwFJ/bN7x4byOro=
github.com/hashicorp/go-version v0.0.0-20171129150820-4fe82ae3040f h1:QnRipjW3Mm+sgD+vyO87cb+1RLzoM0mGVTYClil7mQg=
github.com/hashicorp/go-version v0.0.0-20171129150820-4fe82ae3040f/go.mod h1:fltr4n8CU8Ke44wwGCBoEymUuxUHl09ZGVZPK5anwXA=
github.com/hashicorp/hcl v0.0.0-20171017181929-23c074d0eceb h1:1OvvPvZkn/yCQ3xBcM8y4020wdkMXPHLB4+NfoGWh4U=
github.com/hashicorp/hcl v0.0.0-20171017181929-23c074d0eceb/go.mod h1:oZtUIOe8dh44I2q6ScRibXws4Ajl+d+nod3AaR9vL5w=
github.com/hashicorp/hcl2 v0.0.0-20171003232734-44bad6dbf549 h1:SbdiQMe+oiRwEjCc51bjh2PUUGdmybeZtHspXfjuHfY=
github.com/hashicorp/hcl2 v0.0.0-20171003232734-44bad6dbf549/go.mod h1:xp1eMAxqhQKBxz+yQUTsig9bBMRRWRWw+rK3FJmHf/A=
github.com/hashicorp/hil v0.0.0-20170627220502-fa9f258a9250 h1:fooK5IvDL/KIsi4LxF/JH68nVdrBSiGNPhS2JAQjtjo=
github.com/hashicorp/hil v0.0.0-20170627220502-fa9f258a9250/go.mod h1:KHvg/R2/dPtaePb16oW4qIyzkMxXOL38xjRN64adsts=
github.com/hashicorp/terraform v0.11.1 h1:orO1luELXPowHX4wAaVu/8+2yeYJaeWVRwHXoqxNpYs=
github.com/hashicorp/terraform v0.11.1/go.mod h1:uN1KUiT7Wdg61fPwsGXQwK3c8PmpIVZrt5Vcb1VrSoM=
github.com/hashicorp/yamux v0.0.0-20171219165022-683f49123a33 h1:S6bmV0Fu+TrrPC2kBQ6ov32au0/JPSk0hw2B1GOPdcw=
github.com/hashicorp/yamux v0.0.0-20171219165022-683f49123a33/go.mod h1:+NfK9FKeTrX5uv1uIXGdwYDTeHna2qgaIlx54MXqjAM=
github.com/jmespath/go-jmespath v0.0.0-20171120063526-dd801d4f4ce7 h1:cqXilTQ4KbtQOO+31cWKI3Tqxu70I01ovsTXHOSoJmY=
github.com/jmespath/go-jmespath v0.0.0-20171120063526-dd801d4f4ce7/go.mod h1:Nht3zPeWKUH0NzdCt2Blrr5ys8VGpn0CEB0cQHVjt7k=
github.com/mattn/go-isatty v0.0.4 h1:bnP0vzxcAdeI1zdubAl5PjU6zsERjGZb7raWodagDYs=
github.com/mattn/go-isatty v0.0.4/go.mod h1:M+lRXTBqGeGNdLjl/ufCoiOlB5xdOkqRJdNxMWT7Zi4=
github.com/mitchellh/cli v0.0.0-20171129193617-33edc47170b5 h1:OYr3N2fY3e3kP/x/d81CJXlcZrIV2hH8gPnuRLpiME4=
github.com/mitchellh/cli v0.0.0-20171129193617-33edc47170b5/go.mod h1:oGumspjLm2kTyiT1QMGpFqRlmxnKHfCvhZEVnx+5UeE=
github.com/mitchellh/copystructure v0.0.0-20170525013902-d23ffcb85de3 h1:dECZqiJYhKdj9QlLpiQaRDXHDXRTdiyZI3owdDGhlYY=
github.com/mitchellh/copystructure v0.0.0-20170525013902-d23ffcb85de3/go.mod h1:eOsF2yLPlBBJPvD+nhl5QMTBSOBbOph6N7j/IDUw7PY=
github.com/mitchellh/go-homedir v0.0.0-20161203194507-b8bc1bf76747 h1:eQox4Rh4ewJF+mqYPxCkmBAirRnPaHEB26UkNuPyjlk=
github.com/mitchellh/go-homedir v0.0.0-20161203194507-b8bc1bf76747/go.mod h1:SfyaCUpYCn1Vlf4IUYiD9fPX4A5wJrkLzIz1N1q0pr0=
github.com/mitchellh/go-testing-interface v0.0.0-20171004221916-a61a99592b77 h1:7GoSOOW2jpsfkntVKaS2rAr1TJqfcxotyaUcuxoZSzg=
github.com/mitchellh/go-testing-interface v0.0.0-20171004221916-a61a99592b77/go.mod h1:kRemZodwjscx+RGhAo8eIhFbs2+BFgRtFPeD/KE+zxI=
github.com/mitchellh/go-wordwrap v0.0.0-20150314170334-ad45545899c7 h1:DpOJ2HYzCv8LZP15IdmG+YdwD2luVPHITV96TkirNBM=
github.com/mitchellh/go-wordwrap v0.0.0-20150314170334-ad45545899c7/go.mod h1:ZXFpozHsX6DPmq2I0TCekCxypsnAUbP2oI0UX1GXzOo=
github.com/mitchellh/gox v0.4.0 h1:lfGJxY7ToLJQjHHwi0EX6uYBdK78egf954SQl13PQJc=
github.com/mitchellh/gox v0.4.0/go.mod h1:Sd9lOJ0+aimLBi73mGofS1ycjY8lL3uZM3JPS42BGNg=
github.com/mitchellh/hashstructure v0.0.0-20170609045927-2bca23e0e452 h1:hOY53G+kBFhbYFpRVxHl5eS7laP6B1+Cq+Z9Dry1iMU=
github.com/mitchellh/hashstructure v0.0.0-20170609045927-2bca23e0e452/go.mod h1:QjSHrPWS+BGUVBYkbTZWEnOh3G1DutKwClXU/ABz6AQ=
github.com/mitchellh/iochan v1.0.0 h1:C+X3KsSTLFVBr/tK1eYN/vs4rJcvsiLU338UhYPJWeY=
github.com/mitchellh/iochan v1.0.0/go.mod h1:JwYml1nuB7xOzsp52dPpHFffvOCDupsG0QubkSMEySY=
github.com/mitchellh/mapstructure v0.0.0-20171017171808-06020f85339e h1:PtGHLB3CX3TFPcksODQMxncoeQKWwCgTg0bJ40VLJP4=
github.com/mitchellh/mapstructure v0.0.0-20171017171808-06020f85339e/go.mod h1:FVVH3fgwuzCH5S8UJGiWEs2h04kUh9fWfEaFds41c1Y=
github.com/mitchellh/reflectwalk v0.0.0-20170726202117-63d60e9d0dbc h1:gqYjvctjtX4GHzgfutJxZpvZ7XhGwQLGR5BASwhpO2o=
github.com/mitchellh/reflectwalk v0.0.0-20170726202117-63d60e9d0dbc/go.mod h1:mSTlrgnPZtwu0c4WaC2kGObEpuNDbx0jmZXqmk4esnw=
github.com/posener/complete v0.0.0-20171219111128-6bee943216c8 h1:lcb1zvdlaZyEbl2OXifN3uOYYyIvllofUbmp9bwbL+0=
github.com/posener/complete v0.0.0-20171219111128-6bee943216c8/go.mod h1:em0nMJCgc9GFtwrmVmEMR/ZL6WyhyjMBndrE9hABlRI=
github.com/satori/go.uuid v0.0.0-20170321230731-5bf94b69c6b6 h1:7PFDlUz5/yGp8w21PuZGgEfN7ZF7OXvgAIDjwih82Gs=
github.com/satori/go.uuid v0.0.0-20170321230731-5bf94b69c6b6/go.mod h1:dA0hQrYB0VpLJoorglMZABFdXlWrHn1NEOzdhQKdks0=
github.com/stretchr/testify v1.1.4/go.mod h1:a8OnRcib4nhh0OaRAV+Yts87kKdq0PP7pXfy6kDkUVs=
github.com/ulikunitz/xz v0.5.4 h1:zATC2OoZ8H1TZll3FpbX+ikwmadbO699PE06cIkm9oU=
github.com/ulikunitz/xz v0.5.4/go.mod h1:2bypXElzHzzJZwzH67Y6wb67pO62Rzfn7BSiF4ABRW8=
github.com/zclconf/go-cty v0.0.0-20171215162622-48ce95f3a00f h1:mdk4Jft9XhpmqBlkKLQQI0D5Aqq7PsT3FvBBy4eYCus=
github.com/zclconf/go-cty v0.0.0-20171215162622-48ce95f3a00f/go.mod h1:LnDKxj8gN4aatfXUqmUNooaDjvmDcLPbAN3hYBIVoJE=
golang.org/x/crypto v0.0.0-20171219041129-d585fd2cc919 h1:qFAJ1NcSrOkLdaMbN6OmWeqHdp0aFZy7uWOdL/5ddnU=
golang.org/x/crypto v0.0.0-20171219041129-d585fd2cc919/go.mod h1:6SG95UA2DQfeDnfUPMdvaQW0Q7yPrPDi9nlGo2tz2b4=
golang.org/x/net v0.0.0-20171212005608-d866cfc389ce h1:4g3VPcb++AP2cNa6CQ0iACUoH7J/3Jxojq0mmJun9A4=
golang.org/x/net v0.0.0-20171212005608-d866cfc389ce/go.mod h1:mL1N/T3taQHkDXs73rZJwtUhF3w3ftmwwsq0BUmARs4=
golang.org/x/sys v0.0.0-20171222143536-83801418e1b5/go.mod h1:STP8DvDyc/dI5b8T5hshtkjS+E42TnysNCUPdjciGhY=
golang.org/x/text v0.0.0-20171218113626-eb22672bea55 h1:PPjQSvgC8+twXF2jiTxGrXlgkSW2Vyxk6Vt+EMgfqhU=
golang.org/x/text v0.0.0-20171218113626-eb22672bea55/go.mod h1:NqM8EUOU14njkJ3fqMW+pc6Ldnwhi/IjpwHt7yyuwOQ=
google.golang.org/genproto v0.0.0-20171212231943-a8101f21cf98 h1:bq8KADiS5rsNLj2z1fR64PoWuHKm+7+r+7rQhvBTVUg=
google.golang.org/genproto v0.0.0-20171212231943-a8101f21cf98/go.mod h1:JiN7NxoALGmiZfu7CAH4rXhgtRTLTxftemlI0sWmxmc=
google.golang.org/grpc v0.0.0-20171222214322-7f2472bbc6ac h1:9JNC++SUvgXlDYCihqeFkQJrxTa2vFhYheIMHA3YwEc=
google.golang.org/grpc v0.0.0-20171222214322-7f2472bbc6ac/go.mod h1:yo6s7OP7yaDglbqo1J04qKzAhqBH6lvTonzMVmEdcZw=
